
Microsoft Visual Studio Solution File, Format Version 12.00
# Visual Studio Version 16
VisualStudioVersion = 16.0.31005.135
MinimumVisualStudioVersion = 10.0.40219.1
Project("{FAE04EC0-301F-11D3-BF4B-00C04F79EFBC}") = "WCFService_2Way_086", "WCFService_2Way_086\WCFService_2Way_086.csproj", "{601CF3FC-5BB2-4A3C-8808-66592F4F5398}"
EndProject
Global
	GlobalSection(SolutionConfigurationPlatforms) = preSolution
		Debug|Any CPU = Debug|Any CPU
		Release|Any CPU = Release|Any CPU
	EndGlobalSection
	GlobalSection(ProjectConfigurationPlatforms) = postSolution
		{601CF3FC-5BB2-4A3C-8808-66592F4F5398}.Debug|Any CPU.ActiveCfg = Debug|Any CPU
		{601CF3FC-5BB2-4A3C-8808-66592F4F5398}.Debug|Any CPU.Build.0 = Debug|Any CPU
		{601CF3FC-5BB2-4A3C-8808-66592F4F5398}.Release|Any CPU.ActiveCfg = Release|Any CPU
		{601CF3FC-5BB2-4A3C-8808-66592F4F5398}.Release|Any CPU.Build.0 = Release|Any CPU
	EndGlobalSection
	GlobalSection(SolutionProperties) = preSolution
		HideSolutionNode = FALSE
	EndGlobalSection
	GlobalSection(ExtensibilityGlobals) = postSolution
		SolutionGuid = {D9B07B8B-4C86-4945-B704-F3F8F007E895}
	EndGlobalSection
EndGlobal
